
Microsoft Visual Studio Solution File, Format Version 12.00
# Visual Studio 14
VisualStudioVersion = 14.0.25420.1
MinimumVisualStudioVersion = 10.0.40219.1
Project("{8BC9CEB8-8B4A-11D0-8D11-00A0C91BC942}") = "Injection", "Injection\Injection_VS2010.vcxproj", "{C25DEB60-97F0-469F-ADDE-A69F8D96815C}"
EndProject
Project("{FAE04EC0-301F-11D3-BF4B-00C04F79EFBC}") = "Test", "Demo\DotNet35_x64\Test.csproj", "{7A5130C6-1441-45C8-AA7E-58D523E5AD12}"
EndProject
Global
	GlobalSection(SolutionConfigurationPlatforms) = preSolution
		Debug - X64|Any CPU = Debug - X64|Any CPU
		Debug - X64|Mixed Platforms = Debug - X64|Mixed Platforms
		Debug - X64|x64 = Debug - X64|x64
		Debug - X64|x86 = Debug - X64|x86
		Debug - X86|Any CPU = Debug - X86|Any CPU
		Debug - X86|Mixed Platforms = Debug - X86|Mixed Platforms
		Debug - X86|x64 = Debug - X86|x64
		Debug - X86|x86 = Debug - X86|x86
		Debug|Any CPU = Debug|Any CPU
		Debug|Mixed Platforms = Debug|Mixed Platforms
		Debug|x64 = Debug|x64
		Debug|x86 = Debug|x86
		Release - X64|Any CPU = Release - X64|Any CPU
		Release - X64|Mixed Platforms = Release - X64|Mixed Platforms
		Release - X64|x64 = Release - X64|x64
		Release - X64|x86 = Release - X64|x86
		Release - X86|Any CPU = Release - X86|Any CPU
		Release - X86|Mixed Platforms = Release - X86|Mixed Platforms
		Release - X86|x64 = Release - X86|x64
		Release - X86|x86 = Release - X86|x86
		Release|Any CPU = Release|Any CPU
		Release|Mixed Platforms = Release|Mixed Platforms
		Release|x64 = Release|x64
		Release|x86 = Release|x86
	EndGlobalSection
	GlobalSection(ProjectConfigurationPlatforms) = postSolution
		{C25DEB60-97F0-469F-ADDE-A69F8D96815C}.Debug - X64|Any CPU.ActiveCfg = Debug - X64|Win32
		{C25DEB60-97F0-469F-ADDE-A69F8D96815C}.Debug - X64|Mixed Platforms.ActiveCfg = Debug - X64|x64
		{C25DEB60-97F0-469F-ADDE-A69F8D96815C}.Debug - X64|Mixed Platforms.Build.0 = Debug - X64|x64
		{C25DEB60-97F0-469F-ADDE-A69F8D96815C}.Debug - X64|x64.ActiveCfg = Debug - X64|x64
		{C25DEB60-97F0-469F-ADDE-A69F8D96815C}.Debug - X64|x64.Build.0 = Debug - X64|x64
		{C25DEB60-97F0-469F-ADDE-A69F8D96815C}.Debug - X64|x86.ActiveCfg = Debug - X64|Win32
		{C25DEB60-97F0-469F-ADDE-A69F8D96815C}.Debug - X64|x86.Build.0 = Debug - X64|Win32
		{C25DEB60-97F0-469F-ADDE-A69F8D96815C}.Debug - X86|Any CPU.ActiveCfg = Debug|x64
		{C25DEB60-97F0-469F-ADDE-A69F8D96815C}.Debug - X86|Any CPU.Build.0 = Debug|x64
		{C25DEB60-97F0-469F-ADDE-A69F8D96815C}.Debug - X86|Mixed Platforms.ActiveCfg = Debug|Win32
		{C25DEB60-97F0-469F-ADDE-A69F8D96815C}.Debug - X86|Mixed Platforms.Build.0 = Debug|Win32
		{C25DEB60-97F0-469F-ADDE-A69F8D96815C}.Debug - X86|x64.ActiveCfg = Debug - X64|x64
		{C25DEB60-97F0-469F-ADDE-A69F8D96815C}.Debug - X86|x64.Build.0 = Debug - X64|x64
		{C25DEB60-97F0-469F-ADDE-A69F8D96815C}.Debug - X86|x86.ActiveCfg = Debug - X64|Win32
		{C25DEB60-97F0-469F-ADDE-A69F8D96815C}.Debug - X86|x86.Build.0 = Debug - X64|Win32
		{C25DEB60-97F0-469F-ADDE-A69F8D96815C}.Debug|Any CPU.ActiveCfg = Debug|Win32
		{C25DEB60-97F0-469F-ADDE-A69F8D96815C}.Debug|Mixed Platforms.ActiveCfg = Debug|Win32
		{C25DEB60-97F0-469F-ADDE-A69F8D96815C}.Debug|Mixed Platforms.Build.0 = Debug|Win32
		{C25DEB60-97F0-469F-ADDE-A69F8D96815C}.Debug|x64.ActiveCfg = Debug|x64
		{C25DEB60-97F0-469F-ADDE-A69F8D96815C}.Debug|x64.Build.0 = Debug|x64
		{C25DEB60-97F0-469F-ADDE-A69F8D96815C}.Debug|x86.ActiveCfg = Debug|Win32
		{C25DEB60-97F0-469F-ADDE-A69F8D96815C}.Debug|x86.Build.0 = Debug|Win32
		{C25DEB60-97F0-469F-ADDE-A69F8D96815C}.Release - X64|Any CPU.ActiveCfg = Release - X64|Win32
		{C25DEB60-97F0-469F-ADDE-A69F8D96815C}.Release - X64|Mixed Platforms.ActiveCfg = Release - X64|x64
		{C25DEB60-97F0-469F-ADDE-A69F8D96815C}.Release - X64|Mixed Platforms.Build.0 = Release - X64|x64
		{C25DEB60-97F0-469F-ADDE-A69F8D96815C}.Release - X64|x64.ActiveCfg = Release - X64|x64
		{C25DEB60-97F0-469F-ADDE-A69F8D96815C}.Release - X64|x64.Build.0 = Release - X64|x64
		{C25DEB60-97F0-469F-ADDE-A69F8D96815C}.Release - X64|x86.ActiveCfg = Release - X64|Win32
		{C25DEB60-97F0-469F-ADDE-A69F8D96815C}.Release - X64|x86.Build.0 = Release - X64|Win32
		{C25DEB60-97F0-469F-ADDE-A69F8D96815C}.Release - X86|Any CPU.ActiveCfg = Debug|x64
		{C25DEB60-97F0-469F-ADDE-A69F8D96815C}.Release - X86|Any CPU.Build.0 = Debug|x64
		{C25DEB60-97F0-469F-ADDE-A69F8D96815C}.Release - X86|Mixed Platforms.ActiveCfg = Release|Win32
		{C25DEB60-97F0-469F-ADDE-A69F8D96815C}.Release - X86|Mixed Platforms.Build.0 = Release|Win32
		{C25DEB60-97F0-469F-ADDE-A69F8D96815C}.Release - X86|x64.ActiveCfg = Release - X64|x64
		{C25DEB60-97F0-469F-ADDE-A69F8D96815C}.Release - X86|x64.Build.0 = Release - X64|x64
		{C25DEB60-97F0-469F-ADDE-A69F8D96815C}.Release - X86|x86.ActiveCfg = Release - X64|Win32
		{C25DEB60-97F0-469F-ADDE-A69F8D96815C}.Release - X86|x86.Build.0 = Release - X64|Win32
		{C25DEB60-97F0-469F-ADDE-A69F8D96815C}.Release|Any CPU.ActiveCfg = Release|Win32
		{C25DEB60-97F0-469F-ADDE-A69F8D96815C}.Release|Mixed Platforms.ActiveCfg = Release|Win32
		{C25DEB60-97F0-469F-ADDE-A69F8D96815C}.Release|Mixed Platforms.Build.0 = Release|Win32
		{C25DEB60-97F0-469F-ADDE-A69F8D96815C}.Release|x64.ActiveCfg = Release|x64
		{C25DEB60-97F0-469F-ADDE-A69F8D96815C}.Release|x64.Build.0 = Release|x64
		{C25DEB60-97F0-469F-ADDE-A69F8D96815C}.Release|x86.ActiveCfg = Release|Win32
		{C25DEB60-97F0-469F-ADDE-A69F8D96815C}.Release|x86.Build.0 = Release|Win32
		{7A5130C6-1441-45C8-AA7E-58D523E5AD12}.Debug - X64|Any CPU.ActiveCfg = Release|x86
		{7A5130C6-1441-45C8-AA7E-58D523E5AD12}.Debug - X64|Any CPU.Build.0 = Release|x86
		{7A5130C6-1441-45C8-AA7E-58D523E5AD12}.Debug - X64|Mixed Platforms.ActiveCfg = Release|x64
		{7A5130C6-1441-45C8-AA7E-58D523E5AD12}.Debug - X64|Mixed Platforms.Build.0 = Release|x64
		{7A5130C6-1441-45C8-AA7E-58D523E5AD12}.Debug - X64|x64.ActiveCfg = Release|x64
		{7A5130C6-1441-45C8-AA7E-58D523E5AD12}.Debug - X64|x64.Build.0 = Release|x64
		{7A5130C6-1441-45C8-AA7E-58D523E5AD12}.Debug - X64|x86.ActiveCfg = Release|x86
		{7A5130C6-1441-45C8-AA7E-58D523E5AD12}.Debug - X64|x86.Build.0 = Release|x86
		{7A5130C6-1441-45C8-AA7E-58D523E5AD12}.Debug - X86|Any CPU.ActiveCfg = Release|x86
		{7A5130C6-1441-45C8-AA7E-58D523E5AD12}.Debug - X86|Any CPU.Build.0 = Release|x86
		{7A5130C6-1441-45C8-AA7E-58D523E5AD12}.Debug - X86|Mixed Platforms.ActiveCfg = Release|x64
		{7A5130C6-1441-45C8-AA7E-58D523E5AD12}.Debug - X86|Mixed Platforms.Build.0 = Release|x64
		{7A5130C6-1441-45C8-AA7E-58D523E5AD12}.Debug - X86|x64.ActiveCfg = Release|x64
		{7A5130C6-1441-45C8-AA7E-58D523E5AD12}.Debug - X86|x64.Build.0 = Release|x64
		{7A5130C6-1441-45C8-AA7E-58D523E5AD12}.Debug - X86|x86.ActiveCfg = Release|x86
		{7A5130C6-1441-45C8-AA7E-58D523E5AD12}.Debug - X86|x86.Build.0 = Release|x86
		{7A5130C6-1441-45C8-AA7E-58D523E5AD12}.Debug|Any CPU.ActiveCfg = Release|x86
		{7A5130C6-1441-45C8-AA7E-58D523E5AD12}.Debug|Any CPU.Build.0 = Release|x86
		{7A5130C6-1441-45C8-AA7E-58D523E5AD12}.Debug|Mixed Platforms.ActiveCfg = Release|x86
		{7A5130C6-1441-45C8-AA7E-58D523E5AD12}.Debug|Mixed Platforms.Build.0 = Release|x86
		{7A5130C6-1441-45C8-AA7E-58D523E5AD12}.Debug|x64.ActiveCfg = Release|x64
		{7A5130C6-1441-45C8-AA7E-58D523E5AD12}.Debug|x64.Build.0 = Release|x64
		{7A5130C6-1441-45C8-AA7E-58D523E5AD12}.Debug|x86.ActiveCfg = Release|x86
		{7A5130C6-1441-45C8-AA7E-58D523E5AD12}.Debug|x86.Build.0 = Release|x86
		{7A5130C6-1441-45C8-AA7E-58D523E5AD12}.Release - X64|Any CPU.ActiveCfg = Release|x86
		{7A5130C6-1441-45C8-AA7E-58D523E5AD12}.Release - X64|Any CPU.Build.0 = Release|x86
		{7A5130C6-1441-45C8-AA7E-58D523E5AD12}.Release - X64|Mixed Platforms.ActiveCfg = Release|x64
		{7A5130C6-1441-45C8-AA7E-58D523E5AD12}.Release - X64|Mixed Platforms.Build.0 = Release|x64
		{7A5130C6-1441-45C8-AA7E-58D523E5AD12}.Release - X64|x64.ActiveCfg = Release|x64
		{7A5130C6-1441-45C8-AA7E-58D523E5AD12}.Release - X64|x64.Build.0 = Release|x64
		{7A5130C6-1441-45C8-AA7E-58D523E5AD12}.Release - X64|x86.ActiveCfg = Release|x86
		{7A5130C6-1441-45C8-AA7E-58D523E5AD12}.Release - X64|x86.Build.0 = Release|x86
		{7A5130C6-1441-45C8-AA7E-58D523E5AD12}.Release - X86|Any CPU.ActiveCfg = Release|x86
		{7A5130C6-1441-45C8-AA7E-58D523E5AD12}.Release - X86|Any CPU.Build.0 = Release|x86
		{7A5130C6-1441-45C8-AA7E-58D523E5AD12}.Release - X86|Mixed Platforms.ActiveCfg = Release|x64
		{7A5130C6-1441-45C8-AA7E-58D523E5AD12}.Release - X86|Mixed Platforms.Build.0 = Release|x64
		{7A5130C6-1441-45C8-AA7E-58D523E5AD12}.Release - X86|x64.ActiveCfg = Release|x64
		{7A5130C6-1441-45C8-AA7E-58D523E5AD12}.Release - X86|x64.Build.0 = Release|x64
		{7A5130C6-1441-45C8-AA7E-58D523E5AD12}.Release - X86|x86.ActiveCfg = Release|x86
		{7A5130C6-1441-45C8-AA7E-58D523E5AD12}.Release - X86|x86.Build.0 = Release|x86
		{7A5130C6-1441-45C8-AA7E-58D523E5AD12}.Release|Any CPU.ActiveCfg = Release|x86
		{7A5130C6-1441-45C8-AA7E-58D523E5AD12}.Release|Mixed Platforms.ActiveCfg = Release|x86
		{7A5130C6-1441-45C8-AA7E-58D523E5AD12}.Release|Mixed Platforms.Build.0 = Release|x86
		{7A5130C6-1441-45C8-AA7E-58D523E5AD12}.Release|x64.ActiveCfg = Release|x64
		{7A5130C6-1441-45C8-AA7E-58D523E5AD12}.Release|x64.Build.0 = Release|x64
		{7A5130C6-1441-45C8-AA7E-58D523E5AD12}.Release|x86.ActiveCfg = Release|x86
		{7A5130C6-1441-45C8-AA7E-58D523E5AD12}.Release|x86.Build.0 = Release|x86
	EndGlobalSection
	GlobalSection(SolutionProperties) = preSolution
		HideSolutionNode = FALSE
	EndGlobalSection
EndGlobal
